
Microsoft Visual Studio Solution File, Format Version 12.00
# Visual Studio 14
VisualStudioVersion = 14.0.25420.1
MinimumVisualStudioVersion = 10.0.40219.1
Project("{2150E333-8FDC-42A3-9474-1A3956D46DE8}") = "src", "src", "{D40CA031-6878-4563-BDA3-6ABE11584B9F}"
EndProject
Project("{2150E333-8FDC-42A3-9474-1A3956D46DE8}") = "Solution Items", "Solution Items", "{ED290FF9-74D3-483B-B9D7-1545101F2C7F}"
	ProjectSection(SolutionItems) = preProject
		global.json = global.json
	EndProjectSection
EndProject
Project("{8BB2217D-0F2D-49D1-97BC-3654ED321F3B}") = "Productivity", "src\Productivity\Productivity.xproj", "{0CBEF322-D236-4E86-A1D8-9C062067E747}"
EndProject
Global
	GlobalSection(SolutionConfigurationPlatforms) = preSolution
		Debug|Any CPU = Debug|Any CPU
		Release|Any CPU = Release|Any CPU
	EndGlobalSection
	GlobalSection(ProjectConfigurationPlatforms) = postSolution
		{0CBEF322-D236-4E86-A1D8-9C062067E747}.Debug|Any CPU.ActiveCfg = Debug|Any CPU
		{0CBEF322-D236-4E86-A1D8-9C062067E747}.Debug|Any CPU.Build.0 = Debug|Any CPU
		{0CBEF322-D236-4E86-A1D8-9C062067E747}.Release|Any CPU.ActiveCfg = Release|Any CPU
		{0CBEF322-D236-4E86-A1D8-9C062067E747}.Release|Any CPU.Build.0 = Release|Any CPU
	EndGlobalSection
	GlobalSection(SolutionProperties) = preSolution
		HideSolutionNode = FALSE
	EndGlobalSection
	GlobalSection(NestedProjects) = preSolution
		{0CBEF322-D236-4E86-A1D8-9C062067E747} = {D40CA031-6878-4563-BDA3-6ABE11584B9F}
	EndGlobalSection
EndGlobal
